{
  "requires": true,
  "lockfileVersion": 1,
  "dependencies": {
    "phoenix_live_view": {
      "version": "0.14.4",
      "resolved": "https://registry.npmjs.org/phoenix_live_view/-/phoenix_live_view-0.14.4.tgz",
      "integrity": "sha512-LWeiKFjsb5k4BSu/anyrF/Ea2mSZboiExktVVkrFV01lm39ee4gyTFqTDWUloDOrLlOUbJ8Zsz8yCZ74BC0qhQ=="
    }
  }
}
